
Microsoft Visual Studio Solution File, Format Version 12.00
# Visual Studio 2012
Project("{FAE04EC0-301F-11D3-BF4B-00C04F79EFBC}") = "Uber.Core", "Uber.Core\Uber.Core.csproj", "{EB41FB81-4561-4B10-8C79-C1FC405DD4DA}"
EndProject
Project("{FAE04EC0-301F-11D3-BF4B-00C04F79EFBC}") = "Uber.Data", "Uber.Data\Uber.Data.csproj", "{E2CD674D-A1FD-4632-8828-0B8842520645}"
EndProject
Project("{FAE04EC0-301F-11D3-BF4B-00C04F79EFBC}") = "Uber.Web", "Uber.Web\Uber.Web.csproj", "{9D592CF6-DFB0-427F-A411-742D8A03F24F}"
EndProject
Project("{FAE04EC0-301F-11D3-BF4B-00C04F79EFBC}") = "Uber.API", "Uber.API\Uber.API.csproj", "{FD8130DE-8D89-4678-B711-01B9771E1AD7}"
EndProject
Global
	GlobalSection(SolutionConfigurationPlatforms) = preSolution
		Debug|Any CPU = Debug|Any CPU
		Release|Any CPU = Release|Any CPU
	EndGlobalSection
	GlobalSection(ProjectConfigurationPlatforms) = postSolution
		{EB41FB81-4561-4B10-8C79-C1FC405DD4DA}.Debug|Any CPU.ActiveCfg = Debug|Any CPU
		{EB41FB81-4561-4B10-8C79-C1FC405DD4DA}.Debug|Any CPU.Build.0 = Debug|Any CPU
		{EB41FB81-4561-4B10-8C79-C1FC405DD4DA}.Release|Any CPU.ActiveCfg = Release|Any CPU
		{EB41FB81-4561-4B10-8C79-C1FC405DD4DA}.Release|Any CPU.Build.0 = Release|Any CPU
		{E2CD674D-A1FD-4632-8828-0B8842520645}.Debug|Any CPU.ActiveCfg = Debug|Any CPU
		{E2CD674D-A1FD-4632-8828-0B8842520645}.Debug|Any CPU.Build.0 = Debug|Any CPU
		{E2CD674D-A1FD-4632-8828-0B8842520645}.Release|Any CPU.ActiveCfg = Release|Any CPU
		{E2CD674D-A1FD-4632-8828-0B8842520645}.Release|Any CPU.Build.0 = Release|Any CPU
		{9D592CF6-DFB0-427F-A411-742D8A03F24F}.Debug|Any CPU.ActiveCfg = Debug|Any CPU
		{9D592CF6-DFB0-427F-A411-742D8A03F24F}.Debug|Any CPU.Build.0 = Debug|Any CPU
		{9D592CF6-DFB0-427F-A411-742D8A03F24F}.Release|Any CPU.ActiveCfg = Release|Any CPU
		{9D592CF6-DFB0-427F-A411-742D8A03F24F}.Release|Any CPU.Build.0 = Release|Any CPU
		{FD8130DE-8D89-4678-B711-01B9771E1AD7}.Debug|Any CPU.ActiveCfg = Debug|Any CPU
		{FD8130DE-8D89-4678-B711-01B9771E1AD7}.Debug|Any CPU.Build.0 = Debug|Any CPU
		{FD8130DE-8D89-4678-B711-01B9771E1AD7}.Release|Any CPU.ActiveCfg = Release|Any CPU
		{FD8130DE-8D89-4678-B711-01B9771E1AD7}.Release|Any CPU.Build.0 = Release|Any CPU
	EndGlobalSection
	GlobalSection(SolutionProperties) = preSolution
		HideSolutionNode = FALSE
	EndGlobalSection
EndGlobal
